// !$*UTF8*$!
{
	archiveVersion = 1;
	classes = {
	};
	objectVersion = 56;
	objects = {

/* Begin PBXBuildFile section */
		0A4137DD2875CCFF005FE5AD /* BirthdaysApp.swift in Sources */ = {isa = PBXBuildFile; fileRef = 0A4137DC2875CCFF005FE5AD /* BirthdaysApp.swift */; };
		0A4137DF2875CCFF005FE5AD /* PersistenceController.swift in Sources */ = {isa = PBXBuildFile; fileRef = 0A4137DE2875CCFF005FE5AD /* PersistenceController.swift */; };
		0A4137E22875CCFF005FE5AD /* Birthdays.xcdatamodeld in Sources */ = {isa = PBXBuildFile; fileRef = 0A4137E02875CCFF005FE5AD /* Birthdays.xcdatamodeld */; };
		0A4137E42875CCFF005FE5AD /* FriendListView.swift in Sources */ = {isa = PBXBuildFile; fileRef = 0A4137E32875CCFF005FE5AD /* FriendListView.swift */; };
		0A4137E62875CCFF005FE5AD /* Assets.xcassets in Resources */ = {isa = PBXBuildFile; fileRef = 0A4137E52875CCFF005FE5AD /* Assets.xcassets */; };
		0A4137EA2875CCFF005FE5AD /* Preview Assets.xcassets in Resources */ = {isa = PBXBuildFile; fileRef = 0A4137E92875CCFF005FE5AD /* Preview Assets.xcassets */; };
		0A4137F42875CD00005FE5AD /* BirthdaysTests.swift in Sources */ = {isa = PBXBuildFile; fileRef = 0A4137F32875CD00005FE5AD /* BirthdaysTests.swift */; };
		0A4137FE2875CD00005FE5AD /* BirthdaysUITests.swift in Sources */ = {isa = PBXBuildFile; fileRef = 0A4137FD2875CD00005FE5AD /* BirthdaysUITests.swift */; };
		0A4138002875CD00005FE5AD /* BirthdaysUITestsLaunchTests.swift in Sources */ = {isa = PBXBuildFile; fileRef = 0A4137FF2875CD00005FE5AD /* BirthdaysUITestsLaunchTests.swift */; };
		0A6B15AB2875D75900574B9F /* DateFormatter + Extension.swift in Sources */ = {isa = PBXBuildFile; fileRef = 0A6B15AA2875D75900574B9F /* DateFormatter + Extension.swift */; };
/* End PBXBuildFile section */

/* Begin PBXContainerItemProxy section */
		0A4137F02875CD00005FE5AD /* PBXContainerItemProxy */ = {
			isa = PBXContainerItemProxy;
			containerPortal = 0A4137D12875CCFF005FE5AD /* Project object */;
			proxyType = 1;
			remoteGlobalIDString = 0A4137D82875CCFF005FE5AD;
			remoteInfo = Birthdays;
		};
		0A4137FA2875CD00005FE5AD /* PBXContainerItemProxy */ = {
			isa = PBXContainerItemProxy;
			containerPortal = 0A4137D12875CCFF005FE5AD /* Project object */;
			proxyType = 1;
			remoteGlobalIDString = 0A4137D82875CCFF005FE5AD;
			remoteInfo = Birthdays;
		};
/* End PBXContainerItemProxy section */

/* Begin PBXFileReference section */
		0A4137D92875CCFF005FE5AD /* Birthdays.app */ = {isa = PBXFileReference; explicitFileType = wrapper.application; includeInIndex = 0; path = Birthdays.app; sourceTree = BUILT_PRODUCTS_DIR; };
		0A4137DC2875CCFF005FE5AD /* BirthdaysApp.swift */ = {isa = PBXFileReference; lastKnownFileType = sourcecode.swift; path = BirthdaysApp.swift; sourceTree = "<group>"; };
		0A4137DE2875CCFF005FE5AD /* PersistenceController.swift */ = {isa = PBXFileReference; lastKnownFileType = sourcecode.swift; path = PersistenceController.swift; sourceTree = "<group>"; };
		0A4137E12875CCFF005FE5AD /* Birthdays.xcdatamodel */ = {isa = PBXFileReference; lastKnownFileType = wrapper.xcdatamodel; path = Birthdays.xcdatamodel; sourceTree = "<group>"; };
		0A4137E32875CCFF005FE5AD /* FriendListView.swift */ = {isa = PBXFileReference; lastKnownFileType = sourcecode.swift; path = FriendListView.swift; sourceTree = "<group>"; };
		0A4137E52875CCFF005FE5AD /* Assets.xcassets */ = {isa = PBXFileReference; lastKnownFileType = folder.assetcatalog; path = Assets.xcassets; sourceTree = "<group>"; };
		0A4137E72875CCFF005FE5AD /* Birthdays.entitlements */ = {isa = PBXFileReference; lastKnownFileType = text.plist.entitlements; path = Birthdays.entitlements; sourceTree = "<group>"; };
		0A4137E92875CCFF005FE5AD /* Preview Assets.xcassets */ = {isa = PBXFileReference; lastKnownFileType = folder.assetcatalog; path = "Preview Assets.xcassets"; sourceTree = "<group>"; };
		0A4137EF2875CD00005FE5AD /* BirthdaysTests.xctest */ = {isa = PBXFileReference; explicitFileType = wrapper.cfbundle; includeInIndex = 0; path = BirthdaysTests.xctest; sourceTree = BUILT_PRODUCTS_DIR; };
		0A4137F32875CD00005FE5AD /* BirthdaysTests.swift */ = {isa = PBXFileReference; lastKnownFileType = sourcecode.swift; path = BirthdaysTests.swift; sourceTree = "<group>"; };
		0A4137F92875CD00005FE5AD /* BirthdaysUITests.xctest */ = {isa = PBXFileReference; explicitFileType = wrapper.cfbundle; includeInIndex = 0; path = BirthdaysUITests.xctest; sourceTree = BUILT_PRODUCTS_DIR; };
		0A4137FD2875CD00005FE5AD /* BirthdaysUITests.swift */ = {isa = PBXFileReference; lastKnownFileType = sourcecode.swift; path = BirthdaysUITests.swift; sourceTree = "<group>"; };
		0A4137FF2875CD00005FE5AD /* BirthdaysUITestsLaunchTests.swift */ = {isa = PBXFileReference; lastKnownFileType = sourcecode.swift; path = BirthdaysUITestsLaunchTests.swift; sourceTree = "<group>"; };
		0A6B15AA2875D75900574B9F /* DateFormatter + Extension.swift */ = {isa = PBXFileReference; lastKnownFileType = sourcecode.swift; path = "DateFormatter + Extension.swift"; sourceTree = "<group>"; };
/* End PBXFileReference section */

/* Begin PBXFrameworksBuildPhase section */
		0A4137D62875CCFF005FE5AD /* Frameworks */ = {
			isa = PBXFrameworksBuildPhase;
			buildActionMask = 2147483647;
			files = (
			);
			runOnlyForDeploymentPostprocessing = 0;
		};
		0A4137EC2875CD00005FE5AD /* Frameworks */ = {
			isa = PBXFrameworksBuildPhase;
			buildActionMask = 2147483647;
			files = (
			);
			runOnlyForDeploymentPostprocessing = 0;
		};
		0A4137F62875CD00005FE5AD /* Frameworks */ = {
			isa = PBXFrameworksBuildPhase;
			buildActionMask = 2147483647;
			files = (
			);
			runOnlyForDeploymentPostprocessing = 0;
		};
/* End PBXFrameworksBuildPhase section */

/* Begin PBXGroup section */
		0A4137D02875CCFF005FE5AD = {
			isa = PBXGroup;
			children = (
				0A4137DB2875CCFF005FE5AD /* Birthdays */,
				0A4137F22875CD00005FE5AD /* BirthdaysTests */,
				0A4137FC2875CD00005FE5AD /* BirthdaysUITests */,
				0A4137DA2875CCFF005FE5AD /* Products */,
			);
			sourceTree = "<group>";
		};
		0A4137DA2875CCFF005FE5AD /* Products */ = {
			isa = PBXGroup;
			children = (
				0A4137D92875CCFF005FE5AD /* Birthdays.app */,
				0A4137EF2875CD00005FE5AD /* BirthdaysTests.xctest */,
				0A4137F92875CD00005FE5AD /* BirthdaysUITests.xctest */,
			);
			name = Products;
			sourceTree = "<group>";
		};
		0A4137DB2875CCFF005FE5AD /* Birthdays */ = {
			isa = PBXGroup;
			children = (
				0A41380C2875CFAC005FE5AD /* Config */,
				0A41380E2875D024005FE5AD /* Controllers */,
				0A6B15A92875D70F00574B9F /* Extensions */,
				0A41380D2875CFD4005FE5AD /* Scenes */,
				0A41380F2875D031005FE5AD /* Resources */,
				0A4137E82875CCFF005FE5AD /* Preview Content */,
			);
			path = Birthdays;
			sourceTree = "<group>";
		};
		0A4137E82875CCFF005FE5AD /* Preview Content */ = {
			isa = PBXGroup;
			children = (
				0A4137E92875CCFF005FE5AD /* Preview Assets.xcassets */,
			);
			path = "Preview Content";
			sourceTree = "<group>";
		};
		0A4137F22875CD00005FE5AD /* BirthdaysTests */ = {
			isa = PBXGroup;
			children = (
				0A4137F32875CD00005FE5AD /* BirthdaysTests.swift */,
			);
			path = BirthdaysTests;
			sourceTree = "<group>";
		};
		0A4137FC2875CD00005FE5AD /* BirthdaysUITests */ = {
			isa = PBXGroup;
			children = (
				0A4137FD2875CD00005FE5AD /* BirthdaysUITests.swift */,
				0A4137FF2875CD00005FE5AD /* BirthdaysUITestsLaunchTests.swift */,
			);
			path = BirthdaysUITests;
			sourceTree = "<group>";
		};
		0A41380C2875CFAC005FE5AD /* Config */ = {
			isa = PBXGroup;
			children = (
				0A4137DC2875CCFF005FE5AD /* BirthdaysApp.swift */,
				0A4137E02875CCFF005FE5AD /* Birthdays.xcdatamodeld */,
				0A4137E72875CCFF005FE5AD /* Birthdays.entitlements */,
			);
			path = Config;
			sourceTree = "<group>";
		};
		0A41380D2875CFD4005FE5AD /* Scenes */ = {
			isa = PBXGroup;
			children = (
				0A4137E32875CCFF005FE5AD /* FriendListView.swift */,
			);
			path = Scenes;
			sourceTree = "<group>";
		};
		0A41380E2875D024005FE5AD /* Controllers */ = {
			isa = PBXGroup;
			children = (
				0A4137DE2875CCFF005FE5AD /* PersistenceController.swift */,
			);
			path = Controllers;
			sourceTree = "<group>";
		};
		0A41380F2875D031005FE5AD /* Resources */ = {
			isa = PBXGroup;
			children = (
				0A4137E52875CCFF005FE5AD /* Assets.xcassets */,
			);
			path = Resources;
			sourceTree = "<group>";
		};
		0A6B15A92875D70F00574B9F /* Extensions */ = {
			isa = PBXGroup;
			children = (
				0A6B15AA2875D75900574B9F /* DateFormatter + Extension.swift */,
			);
			path = Extensions;
			sourceTree = "<group>";
		};
/* End PBXGroup section */

/* Begin PBXNativeTarget section */
		0A4137D82875CCFF005FE5AD /* Birthdays */ = {
			isa = PBXNativeTarget;
			buildConfigurationList = 0A4138032875CD00005FE5AD /* Build configuration list for PBXNativeTarget "Birthdays" */;
			buildPhases = (
				0A4137D52875CCFF005FE5AD /* Sources */,
				0A4137D62875CCFF005FE5AD /* Frameworks */,
				0A4137D72875CCFF005FE5AD /* Resources */,
			);
			buildRules = (
			);
			dependencies = (
			);
			name = Birthdays;
			productName = Birthdays;
			productReference = 0A4137D92875CCFF005FE5AD /* Birthdays.app */;
			productType = "com.apple.product-type.application";
		};
		0A4137EE2875CD00005FE5AD /* BirthdaysTests */ = {
			isa = PBXNativeTarget;
			buildConfigurationList = 0A4138062875CD00005FE5AD /* Build configuration list for PBXNativeTarget "BirthdaysTests" */;
			buildPhases = (
				0A4137EB2875CD00005FE5AD /* Sources */,
				0A4137EC2875CD00005FE5AD /* Frameworks */,
				0A4137ED2875CD00005FE5AD /* Resources */,
			);
			buildRules = (
			);
			dependencies = (
				0A4137F12875CD00005FE5AD /* PBXTargetDependency */,
			);
			name = BirthdaysTests;
			productName = BirthdaysTests;
			productReference = 0A4137EF2875CD00005FE5AD /* BirthdaysTests.xctest */;
			productType = "com.apple.product-type.bundle.unit-test";
		};
		0A4137F82875CD00005FE5AD /* BirthdaysUITests */ = {
			isa = PBXNativeTarget;
			buildConfigurationList = 0A4138092875CD00005FE5AD /* Build configuration list for PBXNativeTarget "BirthdaysUITests" */;
			buildPhases = (
				0A4137F52875CD00005FE5AD /* Sources */,
				0A4137F62875CD00005FE5AD /* Frameworks */,
				0A4137F72875CD00005FE5AD /* Resources */,
			);
			buildRules = (
			);
			dependencies = (
				0A4137FB2875CD00005FE5AD /* PBXTargetDependency */,
			);
			name = BirthdaysUITests;
			productName = BirthdaysUITests;
			productReference = 0A4137F92875CD00005FE5AD /* BirthdaysUITests.xctest */;
			productType = "com.apple.product-type.bundle.ui-testing";
		};
/* End PBXNativeTarget section */

/* Begin PBXProject section */
		0A4137D12875CCFF005FE5AD /* Project object */ = {
			isa = PBXProject;
			attributes = {
				BuildIndependentTargetsInParallel = 1;
				LastSwiftUpdateCheck = 1400;
				LastUpgradeCheck = 1400;
				TargetAttributes = {
					0A4137D82875CCFF005FE5AD = {
						CreatedOnToolsVersion = 14.0;
					};
					0A4137EE2875CD00005FE5AD = {
						CreatedOnToolsVersion = 14.0;
						TestTargetID = 0A4137D82875CCFF005FE5AD;
					};
					0A4137F82875CD00005FE5AD = {
						CreatedOnToolsVersion = 14.0;
						TestTargetID = 0A4137D82875CCFF005FE5AD;
					};
				};
			};
			buildConfigurationList = 0A4137D42875CCFF005FE5AD /* Build configuration list for PBXProject "Birthdays" */;
			compatibilityVersion = "Xcode 14.0";
			developmentRegion = en;
			hasScannedForEncodings = 0;
			knownRegions = (
				en,
				Base,
			);
			mainGroup = 0A4137D02875CCFF005FE5AD;
			productRefGroup = 0A4137DA2875CCFF005FE5AD /* Products */;
			projectDirPath = "";
			projectRoot = "";
			targets = (
				0A4137D82875CCFF005FE5AD /* Birthdays */,
				0A4137EE2875CD00005FE5AD /* BirthdaysTests */,
				0A4137F82875CD00005FE5AD /* BirthdaysUITests */,
			);
		};
/* End PBXProject section */

/* Begin PBXResourcesBuildPhase section */
		0A4137D72875CCFF005FE5AD /* Resources */ = {
			isa = PBXResourcesBuildPhase;
			buildActionMask = 2147483647;
			files = (
				0A4137EA2875CCFF005FE5AD /* Preview Assets.xcassets in Resources */,
				0A4137E62875CCFF005FE5AD /* Assets.xcassets in Resources */,
			);
			runOnlyForDeploymentPostprocessing = 0;
		};
		0A4137ED2875CD00005FE5AD /* Resources */ = {
			isa = PBXResourcesBuildPhase;
			buildActionMask = 2147483647;
			files = (
			);
			runOnlyForDeploymentPostprocessing = 0;
		};
		0A4137F72875CD00005FE5AD /* Resources */ = {
			isa = PBXResourcesBuildPhase;
			buildActionMask = 2147483647;
			files = (
			);
			runOnlyForDeploymentPostprocessing = 0;
		};
/* End PBXResourcesBuildPhase section */

/* Begin PBXSourcesBuildPhase section */
		0A4137D52875CCFF005FE5AD /* Sources */ = {
			isa = PBXSourcesBuildPhase;
			buildActionMask = 2147483647;
			files = (
				0A6B15AB2875D75900574B9F /* DateFormatter + Extension.swift in Sources */,
				0A4137DD2875CCFF005FE5AD /* BirthdaysApp.swift in Sources */,
				0A4137DF2875CCFF005FE5AD /* PersistenceController.swift in Sources */,
				0A4137E42875CCFF005FE5AD /* FriendListView.swift in Sources */,
				0A4137E22875CCFF005FE5AD /* Birthdays.xcdatamodeld in Sources */,
			);
			runOnlyForDeploymentPostprocessing = 0;
		};
		0A4137EB2875CD00005FE5AD /* Sources */ = {
			isa = PBXSourcesBuildPhase;
			buildActionMask = 2147483647;
			files = (
				0A4137F42875CD00005FE5AD /* BirthdaysTests.swift in Sources */,
			);
			runOnlyForDeploymentPostprocessing = 0;
		};
		0A4137F52875CD00005FE5AD /* Sources */ = {
			isa = PBXSourcesBuildPhase;
			buildActionMask = 2147483647;
			files = (
				0A4137FE2875CD00005FE5AD /* BirthdaysUITests.swift in Sources */,
				0A4138002875CD00005FE5AD /* BirthdaysUITestsLaunchTests.swift in Sources */,
			);
			runOnlyForDeploymentPostprocessing = 0;
		};
/* End PBXSourcesBuildPhase section */

/* Begin PBXTargetDependency section */
		0A4137F12875CD00005FE5AD /* PBXTargetDependency */ = {
			isa = PBXTargetDependency;
			target = 0A4137D82875CCFF005FE5AD /* Birthdays */;
			targetProxy = 0A4137F02875CD00005FE5AD /* PBXContainerItemProxy */;
		};
		0A4137FB2875CD00005FE5AD /* PBXTargetDependency */ = {
			isa = PBXTargetDependency;
			target = 0A4137D82875CCFF005FE5AD /* Birthdays */;
			targetProxy = 0A4137FA2875CD00005FE5AD /* PBXContainerItemProxy */;
		};
/* End PBXTargetDependency section */

/* Begin XCBuildConfiguration section */
		0A4138012875CD00005FE5AD /* Debug */ = {
			isa = XCBuildConfiguration;
			buildSettings = {
				ALWAYS_SEARCH_USER_PATHS = NO;
				CLANG_ANALYZER_NONNULL = YES;
				CLANG_ANALYZER_NUMBER_OBJECT_CONVERSION = YES_AGGRESSIVE;
				CLANG_CXX_LANGUAGE_STANDARD = "gnu++17";
				CLANG_ENABLE_MODULES = YES;
				CLANG_ENABLE_OBJC_ARC = YES;
				CLANG_ENABLE_OBJC_WEAK = YES;
				CLANG_WARN_BLOCK_CAPTURE_AUTORELEASING = YES;
				CLANG_WARN_BOOL_CONVERSION = YES;
				CLANG_WARN_COMMA = YES;
				CLANG_WARN_CONSTANT_CONVERSION = YES;
				CLANG_WARN_DEPRECATED_OBJC_IMPLEMENTATIONS = YES;
				CLANG_WARN_DIRECT_OBJC_ISA_USAGE = YES_ERROR;
				CLANG_WARN_DOCUMENTATION_COMMENTS = YES;
				CLANG_WARN_EMPTY_BODY = YES;
				CLANG_WARN_ENUM_CONVERSION = YES;
				CLANG_WARN_INFINITE_RECURSION = YES;
				CLANG_WARN_INT_CONVERSION = YES;
				CLANG_WARN_NON_LITERAL_NULL_CONVERSION = YES;
				CLANG_WARN_OBJC_IMPLICIT_RETAIN_SELF = YES;
				CLANG_WARN_OBJC_LITERAL_CONVERSION = YES;
				CLANG_WARN_OBJC_ROOT_CLASS = YES_ERROR;
				CLANG_WARN_QUOTED_INCLUDE_IN_FRAMEWORK_HEADER = YES;
				CLANG_WARN_RANGE_LOOP_ANALYSIS = YES;
				CLANG_WARN_STRICT_PROTOTYPES = YES;
				CLANG_WARN_SUSPICIOUS_MOVE = YES;
				CLANG_WARN_UNGUARDED_AVAILABILITY = YES_AGGRESSIVE;
				CLANG_WARN_UNREACHABLE_CODE = YES;
				CLANG_WARN__DUPLICATE_METHOD_MATCH = YES;
				COPY_PHASE_STRIP = NO;
				DEBUG_INFORMATION_FORMAT = dwarf;
				ENABLE_STRICT_OBJC_MSGSEND = YES;
				ENABLE_TESTABILITY = YES;
				GCC_C_LANGUAGE_STANDARD = gnu11;
				GCC_DYNAMIC_NO_PIC = NO;
				GCC_NO_COMMON_BLOCKS = YES;
				GCC_OPTIMIZATION_LEVEL = 0;
				GCC_PREPROCESSOR_DEFINITIONS = (
					"DEBUG=1",
					"$(inherited)",
				);
				GCC_WARN_64_TO_32_BIT_CONVERSION = YES;
				GCC_WARN_ABOUT_RETURN_TYPE = YES_ERROR;
				GCC_WARN_UNDECLARED_SELECTOR = YES;
				GCC_WARN_UNINITIALIZED_AUTOS = YES_AGGRESSIVE;
				GCC_WARN_UNUSED_FUNCTION = YES;
				GCC_WARN_UNUSED_VARIABLE = YES;
				MTL_ENABLE_DEBUG_INFO = INCLUDE_SOURCE;
				MTL_FAST_MATH = YES;
				ONLY_ACTIVE_ARCH = YES;
				SWIFT_ACTIVE_COMPILATION_CONDITIONS = DEBUG;
				SWIFT_OPTIMIZATION_LEVEL = "-Onone";
			};
			name = Debug;
		};
		0A4138022875CD00005FE5AD /* Release */ = {
			isa = XCBuildConfiguration;
			buildSettings = {
				ALWAYS_SEARCH_USER_PATHS = NO;
				CLANG_ANALYZER_NONNULL = YES;
				CLANG_ANALYZER_NUMBER_OBJECT_CONVERSION = YES_AGGRESSIVE;
				CLANG_CXX_LANGUAGE_STANDARD = "gnu++17";
				CLANG_ENABLE_MODULES = YES;
				CLANG_ENABLE_OBJC_ARC = YES;
				CLANG_ENABLE_OBJC_WEAK = YES;
				CLANG_WARN_BLOCK_CAPTURE_AUTORELEASING = YES;
				CLANG_WARN_BOOL_CONVERSION = YES;
				CLANG_WARN_COMMA = YES;
				CLANG_WARN_CONSTANT_CONVERSION = YES;
				CLANG_WARN_DEPRECATED_OBJC_IMPLEMENTATIONS = YES;
				CLANG_WARN_DIRECT_OBJC_ISA_USAGE = YES_ERROR;
				CLANG_WARN_DOCUMENTATION_COMMENTS = YES;
				CLANG_WARN_EMPTY_BODY = YES;
				CLANG_WARN_ENUM_CONVERSION = YES;
				CLANG_WARN_INFINITE_RECURSION = YES;
				CLANG_WARN_INT_CONVERSION = YES;
				CLANG_WARN_NON_LITERAL_NULL_CONVERSION = YES;
				CLANG_WARN_OBJC_IMPLICIT_RETAIN_SELF = YES;
				CLANG_WARN_OBJC_LITERAL_CONVERSION = YES;
				CLANG_WARN_OBJC_ROOT_CLASS = YES_ERROR;
				CLANG_WARN_QUOTED_INCLUDE_IN_FRAMEWORK_HEADER = YES;
				CLANG_WARN_RANGE_LOOP_ANALYSIS = YES;
				CLANG_WARN_STRICT_PROTOTYPES = YES;
				CLANG_WARN_SUSPICIOUS_MOVE = YES;
				CLANG_WARN_UNGUARDED_AVAILABILITY = YES_AGGRESSIVE;
				CLANG_WARN_UNREACHABLE_CODE = YES;
				CLANG_WARN__DUPLICATE_METHOD_MATCH = YES;
				COPY_PHASE_STRIP = NO;
				DEBUG_INFORMATION_FORMAT = "dwarf-with-dsym";
				ENABLE_NS_ASSERTIONS = NO;
				ENABLE_STRICT_OBJC_MSGSEND = YES;
				GCC_C_LANGUAGE_STANDARD = gnu11;
				GCC_NO_COMMON_BLOCKS = YES;
				GCC_WARN_64_TO_32_BIT_CONVERSION = YES;
				GCC_WARN_ABOUT_RETURN_TYPE = YES_ERROR;
				GCC_WARN_UNDECLARED_SELECTOR = YES;
				GCC_WARN_UNINITIALIZED_AUTOS = YES_AGGRESSIVE;
				GCC_WARN_UNUSED_FUNCTION = YES;
				GCC_WARN_UNUSED_VARIABLE = YES;
				MTL_ENABLE_DEBUG_INFO = NO;
				MTL_FAST_MATH = YES;
				SWIFT_COMPILATION_MODE = wholemodule;
				SWIFT_OPTIMIZATION_LEVEL = "-O";
			};
			name = Release;
		};
		0A4138042875CD00005FE5AD /* Debug */ = {
			isa = XCBuildConfiguration;
			buildSettings = {
				ASSETCATALOG_COMPILER_APPICON_NAME = AppIcon;
				ASSETCATALOG_COMPILER_GLOBAL_ACCENT_COLOR_NAME = AccentColor;
				CODE_SIGN_ENTITLEMENTS = Birthdays/Config/Birthdays.entitlements;
				CODE_SIGN_IDENTITY = "Apple Development";
				CODE_SIGN_STYLE = Automatic;
				CURRENT_PROJECT_VERSION = 1;
				DEVELOPMENT_ASSET_PATHS = "\"Birthdays/Preview Content\"";
				DEVELOPMENT_TEAM = YWZCVA2CMH;
				ENABLE_HARDENED_RUNTIME = YES;
				ENABLE_PREVIEWS = YES;
				GENERATE_INFOPLIST_FILE = YES;
				"INFOPLIST_KEY_UILaunchScreen_Generation[sdk=iphoneos*]" = YES;
				"INFOPLIST_KEY_UILaunchScreen_Generation[sdk=iphonesimulator*]" = YES;
				INFOPLIST_KEY_UISupportedInterfaceOrientations_iPad = "UIInterfaceOrientationPortrait UIInterfaceOrientationPortraitUpsideDown UIInterfaceOrientationLandscapeLeft UIInterfaceOrientationLandscapeRight";
				INFOPLIST_KEY_UISupportedInterfaceOrientations_iPhone = "UIInterfaceOrientationPortrait UIInterfaceOrientationLandscapeLeft UIInterfaceOrientationLandscapeRight";
				IPHONEOS_DEPLOYMENT_TARGET = 16.0;
				LD_RUNPATH_SEARCH_PATHS = "@executable_path/Frameworks";
				"LD_RUNPATH_SEARCH_PATHS[sdk=macosx*]" = "@executable_path/../Frameworks";
				MACOSX_DEPLOYMENT_TARGET = 13.0;
				MARKETING_VERSION = 1.0;
				PRODUCT_BUNDLE_IDENTIFIER = com.SeraphimKovalchuk.Birthdays;
				PRODUCT_NAME = "$(TARGET_NAME)";
				PROVISIONING_PROFILE_SPECIFIER = "";
				SDKROOT = auto;
				SUPPORTED_PLATFORMS = "iphoneos iphonesimulator macosx";
				SWIFT_EMIT_LOC_STRINGS = YES;
				SWIFT_VERSION = 5.0;
				TARGETED_DEVICE_FAMILY = "1,2";
			};
			name = Debug;
		};
		0A4138052875CD00005FE5AD /* Release */ = {
			isa = XCBuildConfiguration;
			buildSettings = {
				ASSETCATALOG_COMPILER_APPICON_NAME = AppIcon;
				ASSETCATALOG_COMPILER_GLOBAL_ACCENT_COLOR_NAME = AccentColor;
				CODE_SIGN_ENTITLEMENTS = Birthdays/Config/Birthdays.entitlements;
				CODE_SIGN_IDENTITY = "Apple Development";
				CODE_SIGN_STYLE = Automatic;
				CURRENT_PROJECT_VERSION = 1;
				DEVELOPMENT_ASSET_PATHS = "\"Birthdays/Preview Content\"";
				DEVELOPMENT_TEAM = YWZCVA2CMH;
				ENABLE_HARDENED_RUNTIME = YES;
				ENABLE_PREVIEWS = YES;
				GENERATE_INFOPLIST_FILE = YES;
				"INFOPLIST_KEY_UILaunchScreen_Generation[sdk=iphoneos*]" = YES;
				"INFOPLIST_KEY_UILaunchScreen_Generation[sdk=iphonesimulator*]" = YES;
				INFOPLIST_KEY_UISupportedInterfaceOrientations_iPad = "UIInterfaceOrientationPortrait UIInterfaceOrientationPortraitUpsideDown UIInterfaceOrientationLandscapeLeft UIInterfaceOrientationLandscapeRight";
				INFOPLIST_KEY_UISupportedInterfaceOrientations_iPhone = "UIInterfaceOrientationPortrait UIInterfaceOrientationLandscapeLeft UIInterfaceOrientationLandscapeRight";
				IPHONEOS_DEPLOYMENT_TARGET = 16.0;
				LD_RUNPATH_SEARCH_PATHS = "@executable_path/Frameworks";
				"LD_RUNPATH_SEARCH_PATHS[sdk=macosx*]" = "@executable_path/../Frameworks";
				MACOSX_DEPLOYMENT_TARGET = 13.0;
				MARKETING_VERSION = 1.0;
				PRODUCT_BUNDLE_IDENTIFIER = com.SeraphimKovalchuk.Birthdays;
				PRODUCT_NAME = "$(TARGET_NAME)";
				PROVISIONING_PROFILE_SPECIFIER = "";
				SDKROOT = auto;
				SUPPORTED_PLATFORMS = "iphoneos iphonesimulator macosx";
				SWIFT_EMIT_LOC_STRINGS = YES;
				SWIFT_VERSION = 5.0;
				TARGETED_DEVICE_FAMILY = "1,2";
			};
			name = Release;
		};
		0A4138072875CD00005FE5AD /* Debug */ = {
			isa = XCBuildConfiguration;
			buildSettings = {
				ALWAYS_EMBED_SWIFT_STANDARD_LIBRARIES = YES;
				BUNDLE_LOADER = "$(TEST_HOST)";
				CODE_SIGN_STYLE = Automatic;
				CURRENT_PROJECT_VERSION = 1;
				DEVELOPMENT_TEAM = YWZCVA2CMH;
				GENERATE_INFOPLIST_FILE = YES;
				IPHONEOS_DEPLOYMENT_TARGET = 16.0;
				MACOSX_DEPLOYMENT_TARGET = 13.0;
				MARKETING_VERSION = 1.0;
				PRODUCT_BUNDLE_IDENTIFIER = com.signalmyoligarch.BirthdaysTests;
				PRODUCT_NAME = "$(TARGET_NAME)";
				SDKROOT = auto;
				SUPPORTED_PLATFORMS = "iphoneos iphonesimulator macosx";
				SWIFT_EMIT_LOC_STRINGS = NO;
				SWIFT_VERSION = 5.0;
				TARGETED_DEVICE_FAMILY = "1,2";
				TEST_HOST = "$(BUILT_PRODUCTS_DIR)/Birthdays.app/$(BUNDLE_EXECUTABLE_FOLDER_PATH)/Birthdays";
			};
			name = Debug;
		};
		0A4138082875CD00005FE5AD /* Release */ = {
			isa = XCBuildConfiguration;
			buildSettings = {
				ALWAYS_EMBED_SWIFT_STANDARD_LIBRARIES = YES;
				BUNDLE_LOADER = "$(TEST_HOST)";
				CODE_SIGN_STYLE = Automatic;
				CURRENT_PROJECT_VERSION = 1;
				DEVELOPMENT_TEAM = YWZCVA2CMH;
				GENERATE_INFOPLIST_FILE = YES;
				IPHONEOS_DEPLOYMENT_TARGET = 16.0;
				MACOSX_DEPLOYMENT_TARGET = 13.0;
				MARKETING_VERSION = 1.0;
				PRODUCT_BUNDLE_IDENTIFIER = com.signalmyoligarch.BirthdaysTests;
				PRODUCT_NAME = "$(TARGET_NAME)";
				SDKROOT = auto;
				SUPPORTED_PLATFORMS = "iphoneos iphonesimulator macosx";
				SWIFT_EMIT_LOC_STRINGS = NO;
				SWIFT_VERSION = 5.0;
				TARGETED_DEVICE_FAMILY = "1,2";
				TEST_HOST = "$(BUILT_PRODUCTS_DIR)/Birthdays.app/$(BUNDLE_EXECUTABLE_FOLDER_PATH)/Birthdays";
			};
			name = Release;
		};
		0A41380A2875CD00005FE5AD /* Debug */ = {
			isa = XCBuildConfiguration;
			buildSettings = {
				ALWAYS_EMBED_SWIFT_STANDARD_LIBRARIES = YES;
				CODE_SIGN_STYLE = Automatic;
				CURRENT_PROJECT_VERSION = 1;
				DEVELOPMENT_TEAM = YWZCVA2CMH;
				GENERATE_INFOPLIST_FILE = YES;
				IPHONEOS_DEPLOYMENT_TARGET = 16.0;
				MACOSX_DEPLOYMENT_TARGET = 13.0;
				MARKETING_VERSION = 1.0;
				PRODUCT_BUNDLE_IDENTIFIER = com.signalmyoligarch.BirthdaysUITests;
				PRODUCT_NAME = "$(TARGET_NAME)";
				SDKROOT = auto;
				SUPPORTED_PLATFORMS = "iphoneos iphonesimulator macosx";
				SWIFT_EMIT_LOC_STRINGS = NO;
				SWIFT_VERSION = 5.0;
				TARGETED_DEVICE_FAMILY = "1,2";
				TEST_TARGET_NAME = Birthdays;
			};
			name = Debug;
		};
		0A41380B2875CD00005FE5AD /* Release */ = {
			isa = XCBuildConfiguration;
			buildSettings = {
				ALWAYS_EMBED_SWIFT_STANDARD_LIBRARIES = YES;
				CODE_SIGN_STYLE = Automatic;
				CURRENT_PROJECT_VERSION = 1;
				DEVELOPMENT_TEAM = YWZCVA2CMH;
				GENERATE_INFOPLIST_FILE = YES;
				IPHONEOS_DEPLOYMENT_TARGET = 16.0;
				MACOSX_DEPLOYMENT_TARGET = 13.0;
				MARKETING_VERSION = 1.0;
				PRODUCT_BUNDLE_IDENTIFIER = com.signalmyoligarch.BirthdaysUITests;
				PRODUCT_NAME = "$(TARGET_NAME)";
				SDKROOT = auto;
				SUPPORTED_PLATFORMS = "iphoneos iphonesimulator macosx";
				SWIFT_EMIT_LOC_STRINGS = NO;
				SWIFT_VERSION = 5.0;
				TARGETED_DEVICE_FAMILY = "1,2";
				TEST_TARGET_NAME = Birthdays;
			};
			name = Release;
		};
/* End XCBuildConfiguration section */

/* Begin XCConfigurationList section */
		0A4137D42875CCFF005FE5AD /* Build configuration list for PBXProject "Birthdays" */ = {
			isa = XCConfigurationList;
			buildConfigurations = (
				0A4138012875CD00005FE5AD /* Debug */,
				0A4138022875CD00005FE5AD /* Release */,
			);
			defaultConfigurationIsVisible = 0;
			defaultConfigurationName = Release;
		};
		0A4138032875CD00005FE5AD /* Build configuration list for PBXNativeTarget "Birthdays" */ = {
			isa = XCConfigurationList;
			buildConfigurations = (
				0A4138042875CD00005FE5AD /* Debug */,
				0A4138052875CD00005FE5AD /* Release */,
			);
			defaultConfigurationIsVisible = 0;
			defaultConfigurationName = Release;
		};
		0A4138062875CD00005FE5AD /* Build configuration list for PBXNativeTarget "BirthdaysTests" */ = {
			isa = XCConfigurationList;
			buildConfigurations = (
				0A4138072875CD00005FE5AD /* Debug */,
				0A4138082875CD00005FE5AD /* Release */,
			);
			defaultConfigurationIsVisible = 0;
			defaultConfigurationName = Release;
		};
		0A4138092875CD00005FE5AD /* Build configuration list for PBXNativeTarget "BirthdaysUITests" */ = {
			isa = XCConfigurationList;
			buildConfigurations = (
				0A41380A2875CD00005FE5AD /* Debug */,
				0A41380B2875CD00005FE5AD /* Release */,
			);
			defaultConfigurationIsVisible = 0;
			defaultConfigurationName = Release;
		};
/* End XCConfigurationList section */

/* Begin XCVersionGroup section */
		0A4137E02875CCFF005FE5AD /* Birthdays.xcdatamodeld */ = {
			isa = XCVersionGroup;
			children = (
				0A4137E12875CCFF005FE5AD /* Birthdays.xcdatamodel */,
			);
			currentVersion = 0A4137E12875CCFF005FE5AD /* Birthdays.xcdatamodel */;
			path = Birthdays.xcdatamodeld;
			sourceTree = "<group>";
			versionGroupType = wrapper.xcdatamodel;
		};
/* End XCVersionGroup section */
	};
	rootObject = 0A4137D12875CCFF005FE5AD /* Project object */;
}
